
Microsoft Visual Studio Solution File, Format Version 12.00
# Visual Studio Version 17
VisualStudioVersion = 17.12.35707.178
MinimumVisualStudioVersion = 10.0.40219.1
Project("{FAE04EC0-301F-11D3-BF4B-00C04F79EFBC}") = "Petfolio.API", "Petfolio.API\Petfolio.API.csproj", "{75470B6C-7F25-49DE-B2CF-BFA58CC9236C}"
EndProject
Project("{FAE04EC0-301F-11D3-BF4B-00C04F79EFBC}") = "Petfolio.Communication", "Petfolio.Communication\Petfolio.Communication.csproj", "{B354ADB1-33E9-480F-A96A-BBC178CF12CE}"
EndProject
Project("{FAE04EC0-301F-11D3-BF4B-00C04F79EFBC}") = "Petfolio.Application", "Petfolio.Application\Petfolio.Application.csproj", "{0DC4FABD-147D-4782-8459-5344C2AB19A7}"
EndProject
Global
	GlobalSection(SolutionConfigurationPlatforms) = preSolution
		Debug|Any CPU = Debug|Any CPU
		Release|Any CPU = Release|Any CPU
	EndGlobalSection
	GlobalSection(ProjectConfigurationPlatforms) = postSolution
		{75470B6C-7F25-49DE-B2CF-BFA58CC9236C}.Debug|Any CPU.ActiveCfg = Debug|Any CPU
		{75470B6C-7F25-49DE-B2CF-BFA58CC9236C}.Debug|Any CPU.Build.0 = Debug|Any CPU
		{75470B6C-7F25-49DE-B2CF-BFA58CC9236C}.Release|Any CPU.ActiveCfg = Release|Any CPU
		{75470B6C-7F25-49DE-B2CF-BFA58CC9236C}.Release|Any CPU.Build.0 = Release|Any CPU
		{B354ADB1-33E9-480F-A96A-BBC178CF12CE}.Debug|Any CPU.ActiveCfg = Debug|Any CPU
		{B354ADB1-33E9-480F-A96A-BBC178CF12CE}.Debug|Any CPU.Build.0 = Debug|Any CPU
		{B354ADB1-33E9-480F-A96A-BBC178CF12CE}.Release|Any CPU.ActiveCfg = Release|Any CPU
		{B354ADB1-33E9-480F-A96A-BBC178CF12CE}.Release|Any CPU.Build.0 = Release|Any CPU
		{0DC4FABD-147D-4782-8459-5344C2AB19A7}.Debug|Any CPU.ActiveCfg = Debug|Any CPU
		{0DC4FABD-147D-4782-8459-5344C2AB19A7}.Debug|Any CPU.Build.0 = Debug|Any CPU
		{0DC4FABD-147D-4782-8459-5344C2AB19A7}.Release|Any CPU.ActiveCfg = Release|Any CPU
		{0DC4FABD-147D-4782-8459-5344C2AB19A7}.Release|Any CPU.Build.0 = Release|Any CPU
	EndGlobalSection
	GlobalSection(SolutionProperties) = preSolution
		HideSolutionNode = FALSE
	EndGlobalSection
EndGlobal
